
Microsoft Visual Studio Solution File, Format Version 12.00
# Visual Studio Version 17
VisualStudioVersion = 17.2.32616.157
MinimumVisualStudioVersion = 10.0.40219.1
Project("{FAE04EC0-301F-11D3-BF4B-00C04F79EFBC}") = "InyeccionDependencias", "InyeccionDependencias\InyeccionDependencias.csproj", "{A69C3A02-07E3-4739-BCC5-989042072BF0}"
EndProject
Global
	GlobalSection(SolutionConfigurationPlatforms) = preSolution
		Debug|Any CPU = Debug|Any CPU
		Release|Any CPU = Release|Any CPU
	EndGlobalSection
	GlobalSection(ProjectConfigurationPlatforms) = postSolution
		{A69C3A02-07E3-4739-BCC5-989042072BF0}.Debug|Any CPU.ActiveCfg = Debug|Any CPU
		{A69C3A02-07E3-4739-BCC5-989042072BF0}.Debug|Any CPU.Build.0 = Debug|Any CPU
		{A69C3A02-07E3-4739-BCC5-989042072BF0}.Release|Any CPU.ActiveCfg = Release|Any CPU
		{A69C3A02-07E3-4739-BCC5-989042072BF0}.Release|Any CPU.Build.0 = Release|Any CPU
	EndGlobalSection
	GlobalSection(SolutionProperties) = preSolution
		HideSolutionNode = FALSE
	EndGlobalSection
	GlobalSection(ExtensibilityGlobals) = postSolution
		SolutionGuid = {118C4058-4152-482C-BEBB-60DF81AEB153}
	EndGlobalSection
EndGlobal
