
Microsoft Visual Studio Solution File, Format Version 12.00
# Visual Studio Version 17
VisualStudioVersion = 17.2.32616.157
MinimumVisualStudioVersion = 10.0.40219.1
Project("{FAE04EC0-301F-11D3-BF4B-00C04F79EFBC}") = "Factory_Method", "Factory_Method\Factory_Method.csproj", "{1AB64960-D30A-4E07-8E55-0B483F5A95F5}"
EndProject
Global
	GlobalSection(SolutionConfigurationPlatforms) = preSolution
		Debug|Any CPU = Debug|Any CPU
		Release|Any CPU = Release|Any CPU
	EndGlobalSection
	GlobalSection(ProjectConfigurationPlatforms) = postSolution
		{1AB64960-D30A-4E07-8E55-0B483F5A95F5}.Debug|Any CPU.ActiveCfg = Debug|Any CPU
		{1AB64960-D30A-4E07-8E55-0B483F5A95F5}.Debug|Any CPU.Build.0 = Debug|Any CPU
		{1AB64960-D30A-4E07-8E55-0B483F5A95F5}.Release|Any CPU.ActiveCfg = Release|Any CPU
		{1AB64960-D30A-4E07-8E55-0B483F5A95F5}.Release|Any CPU.Build.0 = Release|Any CPU
	EndGlobalSection
	GlobalSection(SolutionProperties) = preSolution
		HideSolutionNode = FALSE
	EndGlobalSection
	GlobalSection(ExtensibilityGlobals) = postSolution
		SolutionGuid = {81FFAF63-5E8B-42D5-A9E2-A597791A18A3}
	EndGlobalSection
EndGlobal
